Microsoft Visual Studio Solution File, Format Version 12.00
# Visual Studio Version 17
VisualStudioVersion = 17.5.2.0
MinimumVisualStudioVersion = 10.0.40219.1
Project("{FAE04EC0-301F-11D3-BF4B-00C04F79EFBC}") = "Jellyzam", "Jellyzam.csproj", "{3162A92C-1D2A-FD50-88F0-7995A1F5B371}"
EndProject
Project("{FAE04EC0-301F-11D3-BF4B-00C04F79EFBC}") = "Jellyzam.Tests", "Tests\Jellyzam.Tests.csproj", "{A1B2C3D4-E5F6-7890-ABCD-EF1234567890}"
EndProject
Global
	GlobalSection(SolutionConfigurationPlatforms) = preSolution
		Debug|Any CPU = Debug|Any CPU
		Release|Any CPU = Release|Any CPU
	EndGlobalSection
	GlobalSection(ProjectConfigurationPlatforms) = postSolution
		{3162A92C-1D2A-FD50-88F0-7995A1F5B371}.Debug|Any CPU.ActiveCfg = Debug|Any CPU
		{3162A92C-1D2A-FD50-88F0-7995A1F5B371}.Debug|Any CPU.Build.0 = Debug|Any CPU
		{3162A92C-1D2A-FD50-88F0-7995A1F5B371}.Release|Any CPU.ActiveCfg = Release|Any CPU
		{3162A92C-1D2A-FD50-88F0-7995A1F5B371}.Release|Any CPU.Build.0 = Release|Any CPU
		{A1B2C3D4-E5F6-7890-ABCD-EF1234567890}.Debug|Any CPU.ActiveCfg = Debug|Any CPU
		{A1B2C3D4-E5F6-7890-ABCD-EF1234567890}.Debug|Any CPU.Build.0 = Debug|Any CPU
		{A1B2C3D4-E5F6-7890-ABCD-EF1234567890}.Release|Any CPU.ActiveCfg = Release|Any CPU
		{A1B2C3D4-E5F6-7890-ABCD-EF1234567890}.Release|Any CPU.Build.0 = Release|Any CPU
	EndGlobalSection
	GlobalSection(SolutionProperties) = preSolution
		HideSolutionNode = FALSE
	EndGlobalSection
	GlobalSection(ExtensibilityGlobals) = postSolution
		SolutionGuid = {193FEB76-13C9-4DE9-8EA0-E59C110DDCBA}
	EndGlobalSection
EndGlobal
